<?xml version="1.0" encoding="utf-8"?>
<Project ToolsVersion="4.0" xmlns="http://schemas.microsoft.com/developer/msbuild/2003">
  <ItemGroup>
    <ClCompile Include="source\main.cpp" />
    <ClCompile Include="..\external\glad\src\glad.c" />
    <ClCompile Include="source\physics.cpp" />
  </ItemGroup>
  <ItemGroup>
    <ClInclude Include="include\emptyspace\types.hpp" />
    <ClInclude Include="include\emptyspace\physics.hpp" />
    <ClInclude Include="include\emptyspace\textures.hpp" />
    <ClInclude Include="include\emptyspace\io.hpp" />
    <ClInclude Include="include\emptyspace\geometry.hpp" />
    <ClInclude Include="include\emptyspace\program.hpp" />
    <ClInclude Include="include\emptyspace\format.hpp" />
    <ClInclude Include="include\emptyspace\light.hpp" />
    <ClInclude Include="include\emptyspace\filewatcher.hpp" />
  </ItemGroup>
  <ItemGroup>
    <None Include="res\shaders\blur.fs.glsl" />
    <None Include="res\shaders\blur.vs.glsl" />
    <None Include="res\shaders\gbuffer.fs.glsl" />
    <None Include="res\shaders\gbuffer.vs.glsl" />
    <None Include="res\shaders\main.fs.glsl" />
    <None Include="res\shaders\main.vs.glsl" />
    <None Include="..\README.md" />
  </ItemGroup>
  <ItemGroup>
    <Image Include="res\textures\TC_SkyRed_Xn.png" />
    <Image Include="res\textures\TC_SkyRed_Xp.png" />
    <Image Include="res\textures\TC_SkyRed_Yn.png" />
    <Image Include="res\textures\TC_SkyRed_Yp.png" />
    <Image Include="res\textures\TC_SkyRed_Zn.png" />
    <Image Include="res\textures\TC_SkyRed_Zp.png" />
    <Image Include="res\textures\TC_SkySpace_Xn.png" />
    <Image Include="res\textures\TC_SkySpace_Xp.png" />
    <Image Include="res\textures\TC_SkySpace_Yn.png" />
    <Image Include="res\textures\TC_SkySpace_Yp.png" />
    <Image Include="res\textures\TC_SkySpace_Zn.png" />
    <Image Include="res\textures\TC_SkySpace_Zp.png" />
    <Image Include="res\textures\T_Default_D.png" />
    <Image Include="res\textures\T_Default_N.png" />
    <Image Include="res\textures\T_Default_S.png" />
  </ItemGroup>
</Project>